
Microsoft Visual Studio Solution File, Format Version 12.00
# Visual Studio Version 17
VisualStudioVersion = 17.3.32901.215
MinimumVisualStudioVersion = 10.0.40219.1
Project("{9A19103F-16F7-4668-BE54-9A1E7A4F7556}") = "DevProxy", "DevProxy\DevProxy.csproj", "{A1047491-5E52-4755-B5D7-17B3774E35FC}"
EndProject
Project("{2150E333-8FDC-42A3-9474-1A3956D46DE8}") = "Solution Items", "Solution Items", "{1CC1EC7F-4839-43C8-9980-9BCB19609FA9}"
	ProjectSection(SolutionItems) = preProject
		LICENSE = LICENSE
		README.md = README.md
		settings.editorconfig = settings.editorconfig
	EndProjectSection
EndProject
Project("{9A19103F-16F7-4668-BE54-9A1E7A4F7556}") = "DevProxy.Plugins", "DevProxy.Plugins\DevProxy.Plugins.csproj", "{CEEEAB75-B242-47CC-9956-2C4311EF010A}"
EndProject
Project("{9A19103F-16F7-4668-BE54-9A1E7A4F7556}") = "DevProxy.Abstractions", "DevProxy.Abstractions\DevProxy.Abstractions.csproj", "{E9AADB3C-A855-4E1A-8D91-036FC0EAC85A}"
EndProject
Project("{FAE04EC0-301F-11D3-BF4B-00C04F79EFBC}") = "DevProxy.Abstractions.Tests", "DevProxy.Abstractions.Tests\DevProxy.Abstractions.Tests.csproj", "{CCC4F886-0DB7-418A-BE8E-B540D173D39D}"
EndProject
Project("{FAE04EC0-301F-11D3-BF4B-00C04F79EFBC}") = "DevProxy.Proxy.Kestrel", "DevProxy.Proxy.Kestrel\DevProxy.Proxy.Kestrel.csproj", "{E357B2FB-0A62-4DCF-AFA0-D258647EA664}"
EndProject
Project("{FAE04EC0-301F-11D3-BF4B-00C04F79EFBC}") = "DevProxy.Proxy.Kestrel.Tests", "DevProxy.Proxy.Kestrel.Tests\DevProxy.Proxy.Kestrel.Tests.csproj", "{2154ED80-D4A3-4DDD-B5E0-919F6FBABF2E}"
EndProject
Project("{FAE04EC0-301F-11D3-BF4B-00C04F79EFBC}") = "DevProxy.Integration.Tests", "DevProxy.Integration.Tests\DevProxy.Integration.Tests.csproj", "{90E10CFA-DEF0-456B-8641-102C7072931B}"
EndProject
Project("{FAE04EC0-301F-11D3-BF4B-00C04F79EFBC}") = "DevProxy.Tests", "DevProxy.Tests\DevProxy.Tests.csproj", "{C9A32664-0227-4F43-8980-CF9BB75052AD}"
EndProject
Global
	GlobalSection(SolutionConfigurationPlatforms) = preSolution
		Debug|Any CPU = Debug|Any CPU
		Debug|x64 = Debug|x64
		Debug|x86 = Debug|x86
		Release|Any CPU = Release|Any CPU
		Release|x64 = Release|x64
		Release|x86 = Release|x86
	EndGlobalSection
	GlobalSection(ProjectConfigurationPlatforms) = postSolution
		{A1047491-5E52-4755-B5D7-17B3774E35FC}.Debug|Any CPU.ActiveCfg = Debug|Any CPU
		{A1047491-5E52-4755-B5D7-17B3774E35FC}.Debug|Any CPU.Build.0 = Debug|Any CPU
		{A1047491-5E52-4755-B5D7-17B3774E35FC}.Debug|x64.ActiveCfg = Debug|Any CPU
		{A1047491-5E52-4755-B5D7-17B3774E35FC}.Debug|x64.Build.0 = Debug|Any CPU
		{A1047491-5E52-4755-B5D7-17B3774E35FC}.Debug|x86.ActiveCfg = Debug|Any CPU
		{A1047491-5E52-4755-B5D7-17B3774E35FC}.Debug|x86.Build.0 = Debug|Any CPU
		{A1047491-5E52-4755-B5D7-17B3774E35FC}.Release|Any CPU.ActiveCfg = Release|Any CPU
		{A1047491-5E52-4755-B5D7-17B3774E35FC}.Release|Any CPU.Build.0 = Release|Any CPU
		{A1047491-5E52-4755-B5D7-17B3774E35FC}.Release|x64.ActiveCfg = Release|Any CPU
		{A1047491-5E52-4755-B5D7-17B3774E35FC}.Release|x64.Build.0 = Release|Any CPU
		{A1047491-5E52-4755-B5D7-17B3774E35FC}.Release|x86.ActiveCfg = Release|Any CPU
		{A1047491-5E52-4755-B5D7-17B3774E35FC}.Release|x86.Build.0 = Release|Any CPU
		{CEEEAB75-B242-47CC-9956-2C4311EF010A}.Debug|Any CPU.ActiveCfg = Debug|Any CPU
		{CEEEAB75-B242-47CC-9956-2C4311EF010A}.Debug|Any CPU.Build.0 = Debug|Any CPU
		{CEEEAB75-B242-47CC-9956-2C4311EF010A}.Debug|x64.ActiveCfg = Debug|Any CPU
		{CEEEAB75-B242-47CC-9956-2C4311EF010A}.Debug|x64.Build.0 = Debug|Any CPU
		{CEEEAB75-B242-47CC-9956-2C4311EF010A}.Debug|x86.ActiveCfg = Debug|Any CPU
		{CEEEAB75-B242-47CC-9956-2C4311EF010A}.Debug|x86.Build.0 = Debug|Any CPU
		{CEEEAB75-B242-47CC-9956-2C4311EF010A}.Release|Any CPU.ActiveCfg = Release|Any CPU
		{CEEEAB75-B242-47CC-9956-2C4311EF010A}.Release|Any CPU.Build.0 = Release|Any CPU
		{CEEEAB75-B242-47CC-9956-2C4311EF010A}.Release|x64.ActiveCfg = Release|Any CPU
		{CEEEAB75-B242-47CC-9956-2C4311EF010A}.Release|x64.Build.0 = Release|Any CPU
		{CEEEAB75-B242-47CC-9956-2C4311EF010A}.Release|x86.ActiveCfg = Release|Any CPU
		{CEEEAB75-B242-47CC-9956-2C4311EF010A}.Release|x86.Build.0 = Release|Any CPU
		{E9AADB3C-A855-4E1A-8D91-036FC0EAC85A}.Debug|Any CPU.ActiveCfg = Debug|Any CPU
		{E9AADB3C-A855-4E1A-8D91-036FC0EAC85A}.Debug|Any CPU.Build.0 = Debug|Any CPU
		{E9AADB3C-A855-4E1A-8D91-036FC0EAC85A}.Debug|x64.ActiveCfg = Debug|Any CPU
		{E9AADB3C-A855-4E1A-8D91-036FC0EAC85A}.Debug|x64.Build.0 = Debug|Any CPU
		{E9AADB3C-A855-4E1A-8D91-036FC0EAC85A}.Debug|x86.ActiveCfg = Debug|Any CPU
		{E9AADB3C-A855-4E1A-8D91-036FC0EAC85A}.Debug|x86.Build.0 = Debug|Any CPU
		{E9AADB3C-A855-4E1A-8D91-036FC0EAC85A}.Release|Any CPU.ActiveCfg = Release|Any CPU
		{E9AADB3C-A855-4E1A-8D91-036FC0EAC85A}.Release|Any CPU.Build.0 = Release|Any CPU
		{E9AADB3C-A855-4E1A-8D91-036FC0EAC85A}.Release|x64.ActiveCfg = Release|Any CPU
		{E9AADB3C-A855-4E1A-8D91-036FC0EAC85A}.Release|x64.Build.0 = Release|Any CPU
		{E9AADB3C-A855-4E1A-8D91-036FC0EAC85A}.Release|x86.ActiveCfg = Release|Any CPU
		{E9AADB3C-A855-4E1A-8D91-036FC0EAC85A}.Release|x86.Build.0 = Release|Any CPU
		{CCC4F886-0DB7-418A-BE8E-B540D173D39D}.Debug|Any CPU.ActiveCfg = Debug|Any CPU
		{CCC4F886-0DB7-418A-BE8E-B540D173D39D}.Debug|Any CPU.Build.0 = Debug|Any CPU
		{CCC4F886-0DB7-418A-BE8E-B540D173D39D}.Debug|x64.ActiveCfg = Debug|Any CPU
		{CCC4F886-0DB7-418A-BE8E-B540D173D39D}.Debug|x64.Build.0 = Debug|Any CPU
		{CCC4F886-0DB7-418A-BE8E-B540D173D39D}.Debug|x86.ActiveCfg = Debug|Any CPU
		{CCC4F886-0DB7-418A-BE8E-B540D173D39D}.Debug|x86.Build.0 = Debug|Any CPU
		{CCC4F886-0DB7-418A-BE8E-B540D173D39D}.Release|Any CPU.ActiveCfg = Release|Any CPU
		{CCC4F886-0DB7-418A-BE8E-B540D173D39D}.Release|Any CPU.Build.0 = Release|Any CPU
		{CCC4F886-0DB7-418A-BE8E-B540D173D39D}.Release|x64.ActiveCfg = Release|Any CPU
		{CCC4F886-0DB7-418A-BE8E-B540D173D39D}.Release|x64.Build.0 = Release|Any CPU
		{CCC4F886-0DB7-418A-BE8E-B540D173D39D}.Release|x86.ActiveCfg = Release|Any CPU
		{CCC4F886-0DB7-418A-BE8E-B540D173D39D}.Release|x86.Build.0 = Release|Any CPU
		{E357B2FB-0A62-4DCF-AFA0-D258647EA664}.Debug|Any CPU.ActiveCfg = Debug|Any CPU
		{E357B2FB-0A62-4DCF-AFA0-D258647EA664}.Debug|Any CPU.Build.0 = Debug|Any CPU
		{E357B2FB-0A62-4DCF-AFA0-D258647EA664}.Debug|x64.ActiveCfg = Debug|Any CPU
		{E357B2FB-0A62-4DCF-AFA0-D258647EA664}.Debug|x64.Build.0 = Debug|Any CPU
		{E357B2FB-0A62-4DCF-AFA0-D258647EA664}.Debug|x86.ActiveCfg = Debug|Any CPU
		{E357B2FB-0A62-4DCF-AFA0-D258647EA664}.Debug|x86.Build.0 = Debug|Any CPU
		{E357B2FB-0A62-4DCF-AFA0-D258647EA664}.Release|Any CPU.ActiveCfg = Release|Any CPU
		{E357B2FB-0A62-4DCF-AFA0-D258647EA664}.Release|Any CPU.Build.0 = Release|Any CPU
		{E357B2FB-0A62-4DCF-AFA0-D258647EA664}.Release|x64.ActiveCfg = Release|Any CPU
		{E357B2FB-0A62-4DCF-AFA0-D258647EA664}.Release|x64.Build.0 = Release|Any CPU
		{E357B2FB-0A62-4DCF-AFA0-D258647EA664}.Release|x86.ActiveCfg = Release|Any CPU
		{E357B2FB-0A62-4DCF-AFA0-D258647EA664}.Release|x86.Build.0 = Release|Any CPU
		{2154ED80-D4A3-4DDD-B5E0-919F6FBABF2E}.Debug|Any CPU.ActiveCfg = Debug|Any CPU
		{2154ED80-D4A3-4DDD-B5E0-919F6FBABF2E}.Debug|Any CPU.Build.0 = Debug|Any CPU
		{2154ED80-D4A3-4DDD-B5E0-919F6FBABF2E}.Debug|x64.ActiveCfg = Debug|Any CPU
		{2154ED80-D4A3-4DDD-B5E0-919F6FBABF2E}.Debug|x64.Build.0 = Debug|Any CPU
		{2154ED80-D4A3-4DDD-B5E0-919F6FBABF2E}.Debug|x86.ActiveCfg = Debug|Any CPU
		{2154ED80-D4A3-4DDD-B5E0-919F6FBABF2E}.Debug|x86.Build.0 = Debug|Any CPU
		{2154ED80-D4A3-4DDD-B5E0-919F6FBABF2E}.Release|Any CPU.ActiveCfg = Release|Any CPU
		{2154ED80-D4A3-4DDD-B5E0-919F6FBABF2E}.Release|Any CPU.Build.0 = Release|Any CPU
		{2154ED80-D4A3-4DDD-B5E0-919F6FBABF2E}.Release|x64.ActiveCfg = Release|Any CPU
		{2154ED80-D4A3-4DDD-B5E0-919F6FBABF2E}.Release|x64.Build.0 = Release|Any CPU
		{2154ED80-D4A3-4DDD-B5E0-919F6FBABF2E}.Release|x86.ActiveCfg = Release|Any CPU
		{2154ED80-D4A3-4DDD-B5E0-919F6FBABF2E}.Release|x86.Build.0 = Release|Any CPU
		{90E10CFA-DEF0-456B-8641-102C7072931B}.Debug|Any CPU.ActiveCfg = Debug|Any CPU
		{90E10CFA-DEF0-456B-8641-102C7072931B}.Debug|Any CPU.Build.0 = Debug|Any CPU
		{90E10CFA-DEF0-456B-8641-102C7072931B}.Debug|x64.ActiveCfg = Debug|Any CPU
		{90E10CFA-DEF0-456B-8641-102C7072931B}.Debug|x64.Build.0 = Debug|Any CPU
		{90E10CFA-DEF0-456B-8641-102C7072931B}.Debug|x86.ActiveCfg = Debug|Any CPU
		{90E10CFA-DEF0-456B-8641-102C7072931B}.Debug|x86.Build.0 = Debug|Any CPU
		{90E10CFA-DEF0-456B-8641-102C7072931B}.Release|Any CPU.ActiveCfg = Release|Any CPU
		{90E10CFA-DEF0-456B-8641-102C7072931B}.Release|Any CPU.Build.0 = Release|Any CPU
		{90E10CFA-DEF0-456B-8641-102C7072931B}.Release|x64.ActiveCfg = Release|Any CPU
		{90E10CFA-DEF0-456B-8641-102C7072931B}.Release|x64.Build.0 = Release|Any CPU
		{90E10CFA-DEF0-456B-8641-102C7072931B}.Release|x86.ActiveCfg = Release|Any CPU
		{90E10CFA-DEF0-456B-8641-102C7072931B}.Release|x86.Build.0 = Release|Any CPU
		{C9A32664-0227-4F43-8980-CF9BB75052AD}.Debug|Any CPU.ActiveCfg = Debug|Any CPU
		{C9A32664-0227-4F43-8980-CF9BB75052AD}.Debug|Any CPU.Build.0 = Debug|Any CPU
		{C9A32664-0227-4F43-8980-CF9BB75052AD}.Debug|x64.ActiveCfg = Debug|Any CPU
		{C9A32664-0227-4F43-8980-CF9BB75052AD}.Debug|x64.Build.0 = Debug|Any CPU
		{C9A32664-0227-4F43-8980-CF9BB75052AD}.Debug|x86.ActiveCfg = Debug|Any CPU
		{C9A32664-0227-4F43-8980-CF9BB75052AD}.Debug|x86.Build.0 = Debug|Any CPU
		{C9A32664-0227-4F43-8980-CF9BB75052AD}.Release|Any CPU.ActiveCfg = Release|Any CPU
		{C9A32664-0227-4F43-8980-CF9BB75052AD}.Release|Any CPU.Build.0 = Release|Any CPU
		{C9A32664-0227-4F43-8980-CF9BB75052AD}.Release|x64.ActiveCfg = Release|Any CPU
		{C9A32664-0227-4F43-8980-CF9BB75052AD}.Release|x64.Build.0 = Release|Any CPU
		{C9A32664-0227-4F43-8980-CF9BB75052AD}.Release|x86.ActiveCfg = Release|Any CPU
		{C9A32664-0227-4F43-8980-CF9BB75052AD}.Release|x86.Build.0 = Release|Any CPU
	EndGlobalSection
	GlobalSection(SolutionProperties) = preSolution
		HideSolutionNode = FALSE
	EndGlobalSection
	GlobalSection(ExtensibilityGlobals) = postSolution
		SolutionGuid = {A8F99066-D1AF-43EF-BEF0-2FF759CF1EE8}
	EndGlobalSection
EndGlobal
