{
  "version": 1,
  "dependencies": {
    "net10.0": {
      "Azure.Identity": {
        "type": "Direct",
        "requested": "[1.21.0, )",
        "resolved": "1.21.0",
        "contentHash": "GeFv8sGwRKvDKwI2WFy8r0mhmlxEVZg24Sit2NogTjiSO8RVjllWM65OT6e1sKjOvG8V74y7hAbaELUUPjZQSw==",
        "dependencies": {
          "Azure.Core": "1.53.0"
        }
      },
      "Microsoft.EntityFrameworkCore.Sqlite": {
        "type": "Direct",
        "requested": "[10.0.12, )",
        "resolved": "10.0.12",
        "contentHash": "rRXkKBWHjtngj2DYqSXOThGpqiR0LQkxk0b0PIVDhVEzfwpgOR7dbKMw1/My8unDCTCwn/blclR7imxntYGvEg==",
        "dependencies": {
          "Microsoft.EntityFrameworkCore.Sqlite.Core": "10.0.12",
          "Microsoft.Extensions.DependencyModel": "10.0.12",
          "SQLitePCLRaw.bundle_e_sqlite3": "2.1.12",
          "SQLitePCLRaw.core": "2.1.12"
        }
      },
      "Microsoft.IdentityModel.Protocols.OpenIdConnect": {
        "type": "Direct",
        "requested": "[8.22.0, )",
        "resolved": "8.22.0",
        "contentHash": "RAStsQi0eIj2gcA6G1lVx2H39v9eCJty9bLymx4oeLzmEISxfa6MxTaZkbsp+Plccz0Uiv8r7efiaG10i3WHkg==",
        "dependencies": {
          "Microsoft.IdentityModel.Protocols": "8.22.0",
          "System.IdentityModel.Tokens.Jwt": "8.22.0"
        }
      },
      "Microsoft.VisualStudio.Threading": {
        "type": "Direct",
        "requested": "[18.7.23, )",
        "resolved": "18.7.23",
        "contentHash": "IiK1otNipjvDIk8SClYwOP1uRZLpVA3luVMKSTPhhjhxqv2pp8/tzfLy/IB7HW+voeEodCTHh0q9LbLIBdGNKA==",
        "dependencies": {
          "Microsoft.VisualStudio.Threading.Analyzers": "18.7.23",
          "Microsoft.VisualStudio.Threading.Only": "18.7.23",
          "Microsoft.VisualStudio.Validation": "17.13.22"
        }
      },
      "Newtonsoft.Json": {
        "type": "Direct",
        "requested": "[13.0.4, )",
        "resolved": "13.0.4",
        "contentHash": "pdgNNMai3zv51W5aq268sujXUyx7SNdE2bj1wZcWjAQrKMFZV260lbqYop1d2GM67JI1huLRwxo9ZqnfF/lC6A=="
      },
      "OpenTelemetry": {
        "type": "Direct",
        "requested": "[1.18.0, )",
        "resolved": "1.18.0",
        "contentHash": "13AKxycK+olOLe061MjliPTNBR/DUkjyRr0b9zwUhKyMjFS8lXS7G31R85rkbM55up2YFmdykWdAw2giBDJpiQ==",
        "dependencies": {
          "OpenTelemetry.Api.ProviderBuilderExtensions": "1.18.0"
        }
      },
      "OpenTelemetry.Exporter.OpenTelemetryProtocol": {
        "type": "Direct",
        "requested": "[1.18.0, )",
        "resolved": "1.18.0",
        "contentHash": "Et3WAviooKGObZjUZN8d6eTsdJs1YM3ZoN+KlWSAHksTmHG1nyGi9XGo2wb0fkFMWK0g80FOPdR1njg52Dm+aw==",
        "dependencies": {
          "OpenTelemetry": "1.18.0"
        }
      },
      "System.CommandLine": {
        "type": "Direct",
        "requested": "[2.0.12, )",
        "resolved": "2.0.12",
        "contentHash": "FpW672e6qqrTd1EfKqsvUtFZaJWlTlszUR1o8tdakXhkzKbnEZVndtpfd4K3fUPCFcIs9UmcswMyYGJP1zp/rg=="
      },
      "System.IdentityModel.Tokens.Jwt": {
        "type": "Direct",
        "requested": "[8.22.0, )",
        "resolved": "8.22.0",
        "contentHash": "CpXGfNhLl6EgYaOC9XYsc1p7Ci9HtAy0soHJDSBNGse647al4tTq9RDr+LQsrF4Ls79Dx7VfzN34km0W4DWPow==",
        "dependencies": {
          "Microsoft.IdentityModel.JsonWebTokens": "8.22.0",
          "Microsoft.IdentityModel.Tokens": "8.22.0"
        }
      },
      "Azure.Core": {
        "type": "Transitive",
        "resolved": "1.53.0",
        "contentHash": "x9c/toFMOtRrlTdFuE7rlGCVAduQzWVfKmLz5juj41zJAXEhYD5hluiUyyAEzJ6OxpBnKtiaBztzwpZITAVjtg==",
        "dependencies": {
          "Microsoft.Bcl.AsyncInterfaces": "10.0.3",
          "Microsoft.Identity.Client": "4.83.1",
          "Microsoft.Identity.Client.Extensions.Msal": "4.83.1",
          "System.ClientModel": "1.10.0",
          "System.Memory.Data": "10.0.3"
        }
      },
      "Markdig": {
        "type": "Transitive",
        "resolved": "1.3.2",
        "contentHash": "fZgOC/3CswUrndjDTac70aQpYdtxbW5+5bRumR7vzvI2HJbkmgKisB1c9oT+GA6v0jB/JDR9BLa9FiPzQmaK6A=="
      },
      "Microsoft.Bcl.AsyncInterfaces": {
        "type": "Transitive",
        "resolved": "10.0.3",
        "contentHash": "TV62UsrJZPX6gbt3c4WrtXh7bmaDIcMqf9uft1cc4L6gJXOU07hDGEh+bFQh/L2Az0R1WVOkiT66lFqS6G2NmA=="
      },
      "Microsoft.Bcl.Cryptography": {
        "type": "Transitive",
        "resolved": "10.0.2",
        "contentHash": "LG9Yll3B5aNpxv0+D47g6LiOiKBIlodhcHdQwcYzo8VeexFLGqx5ymetmA2aBRyo9cCcWsQWrFsdbsr8LvmWDw=="
      },
      "Microsoft.Data.Sqlite.Core": {
        "type": "Transitive",
        "resolved": "10.0.12",
        "contentHash": "2aL9eL5HQr0V4b8V909SD+jQAx6qnTTl7sT/v3D8dIvmr2UGdpZIQxqm1pj2Js3e4EYTvpw0oMH7DjapJJuPPw==",
        "dependencies": {
          "SQLitePCLRaw.core": "2.1.12"
        }
      },
      "Microsoft.EntityFrameworkCore": {
        "type": "Transitive",
        "resolved": "10.0.12",
        "contentHash": "e7OrVN8U5yr4kuwdTHWBHGVQIVsGfMkAr0Ej1/BnrS989Q0XBVANpIzNZ2bc1GvMZ0/XwMt5InTnmKskxGy99Q==",
        "dependencies": {
          "Microsoft.EntityFrameworkCore.Abstractions": "10.0.12",
          "Microsoft.EntityFrameworkCore.Analyzers": "10.0.12"
        }
      },
      "Microsoft.EntityFrameworkCore.Abstractions": {
        "type": "Transitive",
        "resolved": "10.0.12",
        "contentHash": "kDrux7T6C3V/YYYe2LXr7x6AEsVyq5Y2YoTE9er1SwbDtap3z1g8RgxNh5eKQVyB4T+DKvBBJ4Ezd/VZzJQJZg=="
      },
      "Microsoft.EntityFrameworkCore.Analyzers": {
        "type": "Transitive",
        "resolved": "10.0.12",
        "contentHash": "Kd4o2oO1A6dfKxjz5LS16QyLtpCFTUiFWwmBABETAXRsSImBdRdWeKjSgbbRhAMiV3a3/nWr95ZtzClT4uaADQ=="
      },
      "Microsoft.EntityFrameworkCore.Relational": {
        "type": "Transitive",
        "resolved": "10.0.12",
        "contentHash": "OiHmr8XzX96dbgMsYGe8qoqg4KxibdZG2r0QUVJBGktFInOp8IrABe8jvcbo5hrqeWfbwpK7fCEBiEPbY/ik4A==",
        "dependencies": {
          "Microsoft.EntityFrameworkCore": "10.0.12"
        }
      },
      "Microsoft.EntityFrameworkCore.Sqlite.Core": {
        "type": "Transitive",
        "resolved": "10.0.12",
        "contentHash": "DAGu68RfIDD5d6qYhtQqMUsRS7hKKFqHI6h/9VUa4FjMcQ8+IJA0rK+1pDZtrDJ+yi3YAG0L2TSViZ0csEDM0w==",
        "dependencies": {
          "Microsoft.Data.Sqlite.Core": "10.0.12",
          "Microsoft.EntityFrameworkCore.Relational": "10.0.12",
          "Microsoft.Extensions.DependencyModel": "10.0.12",
          "SQLitePCLRaw.core": "2.1.12"
        }
      },
      "Microsoft.Extensions.DependencyModel": {
        "type": "Transitive",
        "resolved": "10.0.12",
        "contentHash": "rDPQVTxh/zMTDF7wHlRqL/jjZbwjAP6315ydBxj51pZW7qkAwGwjoSiMutxYI91xmOE3ZXjAGHbYRqzyJV7Urw=="
      },
      "Microsoft.Identity.Client": {
        "type": "Transitive",
        "resolved": "4.83.1",
        "contentHash": "jOLIrZ3cynoqHLLO1cXplFFabrhrMEYs/EuKHvmCyrOm1axqiVFT6nCSnHxk7w5+d2BeQfCdM12Yf/0X7OeS1g==",
        "dependencies": {
          "Microsoft.IdentityModel.Abstractions": "8.14.0"
        }
      },
      "Microsoft.Identity.Client.Extensions.Msal": {
        "type": "Transitive",
        "resolved": "4.83.1",
        "contentHash": "I3k4J4Hj4KbLEFanjeUzzDOVecukETaTgEkJ7h2pP/Yazs6SLp6TVUTo/Eo+ptPXMwvc+iX7rBFtMSUrA7R+Mg==",
        "dependencies": {
          "Microsoft.Identity.Client": "4.83.1",
          "System.Security.Cryptography.ProtectedData": "4.5.0"
        }
      },
      "Microsoft.IdentityModel.Abstractions": {
        "type": "Transitive",
        "resolved": "8.22.0",
        "contentHash": "LU3V3owsu4vGpCg2kyL7SsQEuHwcoJ8FSNBqzLADzCf3/PcKUTcx5Plsd51DoTJMfK/WigXV/03UhaN5JXE6uQ=="
      },
      "Microsoft.IdentityModel.JsonWebTokens": {
        "type": "Transitive",
        "resolved": "8.22.0",
        "contentHash": "kv6peMLjALZLDAy2H3F77KjVRdwiscn2p/g3ui2chcbuEcAX2MpAbyDcYnJ7Vyh8jZ1aJWrniUMCDWoOgnu4NQ==",
        "dependencies": {
          "Microsoft.IdentityModel.Tokens": "8.22.0"
        }
      },
      "Microsoft.IdentityModel.Logging": {
        "type": "Transitive",
        "resolved": "8.22.0",
        "contentHash": "G9Tl0yXSlr2pkXv4EpXjO16M4q6oo9N/od+gNyOusZ8yM8LZg1H3f/QOMFuOJiV6znzY5MkAREU97JRRnqpEQw==",
        "dependencies": {
          "Microsoft.IdentityModel.Abstractions": "8.22.0"
        }
      },
      "Microsoft.IdentityModel.Protocols": {
        "type": "Transitive",
        "resolved": "8.22.0",
        "contentHash": "q7VTnFzKHOUy1L7M6FOTD0nUboDobJIPb+Sl13bQ4O0lYtpTJ9wemcuZaDYOmT/3ZKyUUCFuFjt5UReYC2dlQA==",
        "dependencies": {
          "Microsoft.IdentityModel.Tokens": "8.22.0"
        }
      },
      "Microsoft.IdentityModel.Tokens": {
        "type": "Transitive",
        "resolved": "8.22.0",
        "contentHash": "i4lywKKUuVmheCUA+w/q8QNPReNI0qanHI9hhz48AFqD1ljyb8sxPL2RbXOGiPV13XdJ4kxieL9ukS7tD43LxA==",
        "dependencies": {
          "Microsoft.Bcl.Cryptography": "10.0.2",
          "Microsoft.IdentityModel.Logging": "8.22.0"
        }
      },
      "Microsoft.OpenApi": {
        "type": "Transitive",
        "resolved": "3.10.2",
        "contentHash": "qzg4a3WmgQm28Azaporbnsu+KHA+vq5sgpQQFLiJgB06Rra2S+kzGAU7pzUB8/UIwZJCSCY2JEE/M5e0hQ2K8w=="
      },
      "Microsoft.OpenApi.YamlReader": {
        "type": "Transitive",
        "resolved": "3.10.2",
        "contentHash": "qVWoRH8gBWcs2C67e5crYLXPPqK3O8VbzN9G4nxC3Ykjv+Vjv6BJZXx9WyAohe2UT5ZOkHr4LdLJ/ZpaptWdZQ==",
        "dependencies": {
          "Microsoft.OpenApi": "3.10.2",
          "SharpYaml": "2.1.5"
        }
      },
      "Microsoft.VisualStudio.Threading.Analyzers": {
        "type": "Transitive",
        "resolved": "18.7.23",
        "contentHash": "dyj6z8m+LFjpeH69hdnciCcRCmD0YgMlvuQEywiEshjqj/blgQ+PuWX8Vd5gkWQFoBN4e+TFxx6DvGNSv/gIKg=="
      },
      "Microsoft.VisualStudio.Threading.Only": {
        "type": "Transitive",
        "resolved": "18.7.23",
        "contentHash": "iOaVAQLPt1KxFyYqZqKxqNu8BgQUiPLNeT8XhX+549eWaGw49e1MxjlkjTIBwvlfrU4lPp+Nm99oRpmsgN7RJw==",
        "dependencies": {
          "Microsoft.VisualStudio.Validation": "17.13.22"
        }
      },
      "Microsoft.VisualStudio.Validation": {
        "type": "Transitive",
        "resolved": "17.13.22",
        "contentHash": "fC20ITOxlUpGQ0ltAxITQbeFxwuB6OjLT3lByC4+/Gm46o/Mwv9hlIVrBhiUhnqdQzUUvr4EHkdiYe7WOSMLmw=="
      },
      "Newtonsoft.Json.Schema": {
        "type": "Transitive",
        "resolved": "4.0.1",
        "contentHash": "rbHUKp5WTIbqmLEeJ21nTTDGcfR0LA7bVMzm0bYc3yx6NFKiCIHzzvYbwA4Sqgs7+wNldc5nBlkbithWj8IZig==",
        "dependencies": {
          "Newtonsoft.Json": "13.0.3"
        }
      },
      "OpenTelemetry.Api": {
        "type": "Transitive",
        "resolved": "1.18.0",
        "contentHash": "Dhzm5oughIY9EWckt2J1yXcEbXpki5WCL2q7prJoYxzH6C7jdkfGtPMTkUVZZ4AhjJKzQnlC+kLSIlmIVwC4Vw=="
      },
      "OpenTelemetry.Api.ProviderBuilderExtensions": {
        "type": "Transitive",
        "resolved": "1.18.0",
        "contentHash": "io6A6PJFp3vIObRGf6oPjdHsdglkinXt/0SpTDJHrVnsLxUtOzwh/QwTsnhBJ43wJ6QcGMkyNzsSSY8XEB1Q5Q==",
        "dependencies": {
          "OpenTelemetry.Api": "1.18.0"
        }
      },
      "Scriban": {
        "type": "Transitive",
        "resolved": "7.4.0",
        "contentHash": "h5QYOAKw7F4ajVNxeScBsq0c7en6YWyKDSC4ZnZIlrkeJrl0ekHk1PlpqP5C4peqkt6NoXl9dlwK3pI4oDC5oA=="
      },
      "SharpYaml": {
        "type": "Transitive",
        "resolved": "2.1.5",
        "contentHash": "1pNSpfXxNAgCQ9sacKKpEWO2DxTefoLEjw0v1nWMvyJScUWacoHvjXr4LfcUkhm0qYgNYripFFiUeEzW4tdXIQ=="
      },
      "SQLitePCLRaw.bundle_e_sqlite3": {
        "type": "Transitive",
        "resolved": "2.1.12",
        "contentHash": "mAgscpQMLw5/nfA1Q5oJVAT29yROUo1ifZGbbTpx/lwZpSxMUGoYbKfmvdm8oXER+RzxqBmmQzeBEVKfeHv2nw==",
        "dependencies": {
          "SQLitePCLRaw.lib.e_sqlite3": "2.1.12",
          "SQLitePCLRaw.provider.e_sqlite3": "2.1.12"
        }
      },
      "SQLitePCLRaw.core": {
        "type": "Transitive",
        "resolved": "2.1.12",
        "contentHash": "ETpNw9DY3ckWLgRRAeCHj+GKOuPi61aeczkXhgHexUvqoZBAYg8RYESE2J7O1M7+o6QbdSEZwrw9bfqztUVWXg=="
      },
      "SQLitePCLRaw.lib.e_sqlite3": {
        "type": "Transitive",
        "resolved": "2.1.12",
        "contentHash": "fWi8Dbknuhgg72fWinIdjXVaqO1hHL4YBBwVLnr7e1c9TAZwJ0QE38j9syW1hwx6HaqEVTwI+O07WPdZn8Rp0w=="
      },
      "SQLitePCLRaw.provider.e_sqlite3": {
        "type": "Transitive",
        "resolved": "2.1.12",
        "contentHash": "W3oH4XIfCzFrgUSDKHhN6N+dgzA5YHOR2VxX8GB6Qy7CyrJJgxPEG8NirgYWlPQC5P2jz2knSsexWu4tDUL33g==",
        "dependencies": {
          "SQLitePCLRaw.core": "2.1.12"
        }
      },
      "System.ClientModel": {
        "type": "Transitive",
        "resolved": "1.10.0",
        "contentHash": "lBEWs54F5Y5pZ9hC+8z4S/X76957ex+DPk7WecRHlbIHtrPfbRMMlOgI3iDn4Jpb3bSxvBnKaaHoD59auFjlBA==",
        "dependencies": {
          "System.Memory.Data": "10.0.3"
        }
      },
      "System.Memory.Data": {
        "type": "Transitive",
        "resolved": "10.0.3",
        "contentHash": "MaGhRfGunmrj/nHjtsi9XkhlYJ/ERGWrbA+BiSKNtGnAjc9XlG5EhAvak6VRcX5LYzPF6pBO8nJ613dTgzabig=="
      },
      "System.Security.Cryptography.ProtectedData": {
        "type": "Transitive",
        "resolved": "4.5.0",
        "contentHash": "wLBKzFnDCxP12VL9ANydSYhk59fC4cvOr9ypYQLPnAj48NQIhqnjdD2yhP8yEKyBJEjERWS9DisKL7rX5eU25Q=="
      },
      "YamlDotNet": {
        "type": "Transitive",
        "resolved": "18.1.0",
        "contentHash": "5K+9KFg2TdTl7VXv88Qzi/0lqK6JFoNP3lRuImPYGRV7K/QYklDyTrj4+A+KAki1JsQi6qKY+hDyY7d6WRqjrw=="
      },
      "devproxy.abstractions": {
        "type": "Project",
        "dependencies": {
          "Markdig": "[1.3.2, )",
          "Microsoft.EntityFrameworkCore.Sqlite": "[10.0.12, )",
          "Microsoft.OpenApi": "[3.10.2, )",
          "Microsoft.OpenApi.YamlReader": "[3.10.2, )",
          "Newtonsoft.Json.Schema": "[4.0.1, )",
          "Scriban": "[7.4.0, )",
          "System.CommandLine": "[2.0.12, )",
          "YamlDotNet": "[18.1.0, )"
        }
      },
      "devproxy.proxy.kestrel": {
        "type": "Project",
        "dependencies": {
          "DevProxy.Abstractions": "[4.0.0, )"
        }
      }
    }
  }
}